
Microsoft Visual Studio Solution File, Format Version 12.00
# Visual Studio Version 17
VisualStudioVersion = 17.4.33403.182
MinimumVisualStudioVersion = 10.0.40219.1
Project("{9A19103F-16F7-4668-BE54-9A1E7A4F7556}") = "Pizzeria", "Pizzeria\Pizzeria.csproj", "{387785B0-B49F-46A0-A1DB-1F2C34AC280F}"
EndProject
Global
	GlobalSection(SolutionConfigurationPlatforms) = preSolution
		Debug|Any CPU = Debug|Any CPU
		Release|Any CPU = Release|Any CPU
	EndGlobalSection
	GlobalSection(ProjectConfigurationPlatforms) = postSolution
		{387785B0-B49F-46A0-A1DB-1F2C34AC280F}.Debug|Any CPU.ActiveCfg = Debug|Any CPU
		{387785B0-B49F-46A0-A1DB-1F2C34AC280F}.Debug|Any CPU.Build.0 = Debug|Any CPU
		{387785B0-B49F-46A0-A1DB-1F2C34AC280F}.Release|Any CPU.ActiveCfg = Release|Any CPU
		{387785B0-B49F-46A0-A1DB-1F2C34AC280F}.Release|Any CPU.Build.0 = Release|Any CPU
	EndGlobalSection
	GlobalSection(SolutionProperties) = preSolution
		HideSolutionNode = FALSE
	EndGlobalSection
	GlobalSection(ExtensibilityGlobals) = postSolution
		SolutionGuid = {D826DCCC-A0E1-4B62-AF67-6B0C2EC9D66D}
	EndGlobalSection
EndGlobal
